
Microsoft Visual Studio Solution File, Format Version 12.00
# Visual Studio Version 16
VisualStudioVersion = 16.0.29806.167
MinimumVisualStudioVersion = 10.0.40219.1
Project("{FAE04EC0-301F-11D3-BF4B-00C04F79EFBC}") = "To Do List", "To Do List\To Do List.csproj", "{D48FE027-D19E-421F-803A-1F8C2B1EF2DE}"
EndProject
Global
	GlobalSection(SolutionConfigurationPlatforms) = preSolution
		Debug|Any CPU = Debug|Any CPU
		Release|Any CPU = Release|Any CPU
	EndGlobalSection
	GlobalSection(ProjectConfigurationPlatforms) = postSolution
		{D48FE027-D19E-421F-803A-1F8C2B1EF2DE}.Debug|Any CPU.ActiveCfg = Debug|Any CPU
		{D48FE027-D19E-421F-803A-1F8C2B1EF2DE}.Debug|Any CPU.Build.0 = Debug|Any CPU
		{D48FE027-D19E-421F-803A-1F8C2B1EF2DE}.Release|Any CPU.ActiveCfg = Release|Any CPU
		{D48FE027-D19E-421F-803A-1F8C2B1EF2DE}.Release|Any CPU.Build.0 = Release|Any CPU
	EndGlobalSection
	GlobalSection(SolutionProperties) = preSolution
		HideSolutionNode = FALSE
	EndGlobalSection
	GlobalSection(ExtensibilityGlobals) = postSolution
		SolutionGuid = {BB5D1E91-820F-4857-92DA-8832E8C17D47}
	EndGlobalSection
EndGlobal
